{
    "_readme": [
        "This file locks the dependencies of your project to a known state",
        "Read more about it at http://getcomposer.org/doc/01-basic-usage.md#composer-lock-the-lock-file",
        "This file is @generated automatically"
    ],
    "hash": "f17958ebd2bda23da43fdd7c60b65627",
    "packages": [
        {
            "name": "medium-editor",
            "version": "3.0.9",
            "source": {
                "type": "git",
                "url": "https://github.com/daviferreira/medium-editor",
                "reference": "3.0.9"
            },
            "type": "library"
        }
    ],
    "packages-dev": [],
    "aliases": [],
    "minimum-stability": "stable",
    "stability-flags": [],
    "prefer-stable": false,
    "prefer-lowest": false,
    "platform": [],
    "platform-dev": []
}
